<Solution>
  <Configurations>
    <Platform Name="x64" />
  </Configurations>
  <Project Path="GameLogic/GameLogic.vcxproj" Id="2e874ef7-4d77-4bb2-9de1-8f4cda4ab9eb" />
  <Project Path="InterstellarOutpost/InterstellarOutpost.vcxproj" Id="96aef722-565b-47ea-a90f-190c7f4478e9" />
  <Project Path="IOServer/IOServer.vcxproj" Id="fc4edd64-f242-47be-9f3f-08a031868e0a" />
  <Project Path="NeuronClient/NeuronClient.vcxproj" Id="1bf473a0-7b0e-44d7-a105-0c5923ccb3a9" />
  <Project Path="NeuronCore/NeuronCore.vcxproj" Id="650f402f-e7d7-498d-be62-6b2e9f0b0002" />
  <Project Path="NeuronServer/NeuronServer.vcxproj" Id="8b5b0b11-4ae5-4b39-ae98-f64048fc96d3" />
</Solution>
